// !$*UTF8*$!
{
	archiveVersion = 1;
	classes = {
	};
	objectVersion = 50;
	objects = {

/* Begin PBXBuildFile section */
		3607CE0925912246006661EF /* Puzzle01_1.cpp in Sources */ = {isa = PBXBuildFile; fileRef = 3607CE0725912246006661EF /* Puzzle01_1.cpp */; };
		369F6AB72586FA6800699575 /* main.cpp in Sources */ = {isa = PBXBuildFile; fileRef = 369F6AB62586FA6800699575 /* main.cpp */; };
		36A08A81275B767100F04541 /* Puzzle01_2.cpp in Sources */ = {isa = PBXBuildFile; fileRef = 36A08A80275B767100F04541 /* Puzzle01_2.cpp */; };
		36A08A87275B972100F04541 /* Puzzle02_2.cpp in Sources */ = {isa = PBXBuildFile; fileRef = 36A08A84275B972000F04541 /* Puzzle02_2.cpp */; };
		36A08A88275B972100F04541 /* Puzzle02_1.cpp in Sources */ = {isa = PBXBuildFile; fileRef = 36A08A85275B972000F04541 /* Puzzle02_1.cpp */; };
		36A08A95275BA83B00F04541 /* Puzzle03_1.cpp in Sources */ = {isa = PBXBuildFile; fileRef = 36A08A92275BA83B00F04541 /* Puzzle03_1.cpp */; };
		36A08A96275BA83B00F04541 /* Puzzle03_2.cpp in Sources */ = {isa = PBXBuildFile; fileRef = 36A08A93275BA83B00F04541 /* Puzzle03_2.cpp */; };
		36A08A9C275BCFA300F04541 /* Puzzle04_1.cpp in Sources */ = {isa = PBXBuildFile; fileRef = 36A08A98275BCFA300F04541 /* Puzzle04_1.cpp */; };
		36A08A9D275BCFA300F04541 /* Puzzle04_2.cpp in Sources */ = {isa = PBXBuildFile; fileRef = 36A08A99275BCFA300F04541 /* Puzzle04_2.cpp */; };
		36A08AA3275CC22000F04541 /* Puzzle05_1.cpp in Sources */ = {isa = PBXBuildFile; fileRef = 36A08AA0275CC22000F04541 /* Puzzle05_1.cpp */; };
		36A08AA4275CC22000F04541 /* Puzzle05_2.cpp in Sources */ = {isa = PBXBuildFile; fileRef = 36A08AA1275CC22000F04541 /* Puzzle05_2.cpp */; };
		36A08AB3275EC05E00F04541 /* Puzzle06.cpp in Sources */ = {isa = PBXBuildFile; fileRef = 36A08AAF275EC05E00F04541 /* Puzzle06.cpp */; };
/* End PBXBuildFile section */

/* Begin PBXCopyFilesBuildPhase section */
		369F6AB12586FA6800699575 /* CopyFiles */ = {
			isa = PBXCopyFilesBuildPhase;
			buildActionMask = 2147483647;
			dstPath = /usr/share/man/man1/;
			dstSubfolderSpec = 0;
			files = (
			);
			runOnlyForDeploymentPostprocessing = 1;
		};
/* End PBXCopyFilesBuildPhase section */

/* Begin PBXFileReference section */
		3607CE0525912246006661EF /* input_0.txt */ = {isa = PBXFileReference; fileEncoding = 4; lastKnownFileType = text; path = input_0.txt; sourceTree = "<group>"; };
		3607CE0625912246006661EF /* input.txt */ = {isa = PBXFileReference; fileEncoding = 4; lastKnownFileType = text; path = input.txt; sourceTree = "<group>"; };
		3607CE0725912246006661EF /* Puzzle01_1.cpp */ = {isa = PBXFileReference; fileEncoding = 4; lastKnownFileType = sourcecode.cpp.cpp; path = Puzzle01_1.cpp; sourceTree = "<group>"; };
		369F6AB32586FA6800699575 /* Advent2021 */ = {isa = PBXFileReference; explicitFileType = "compiled.mach-o.executable"; includeInIndex = 0; path = Advent2021; sourceTree = BUILT_PRODUCTS_DIR; };
		369F6AB62586FA6800699575 /* main.cpp */ = {isa = PBXFileReference; lastKnownFileType = sourcecode.cpp.cpp; path = main.cpp; sourceTree = "<group>"; };
		369F6ABF2586FB1D00699575 /* Puzzles.hpp */ = {isa = PBXFileReference; lastKnownFileType = sourcecode.cpp.h; path = Puzzles.hpp; sourceTree = "<group>"; };
		36A08A80275B767100F04541 /* Puzzle01_2.cpp */ = {isa = PBXFileReference; fileEncoding = 4; lastKnownFileType = sourcecode.cpp.cpp; path = Puzzle01_2.cpp; sourceTree = "<group>"; };
		36A08A83275B972000F04541 /* input_0.txt */ = {isa = PBXFileReference; fileEncoding = 4; lastKnownFileType = text; path = input_0.txt; sourceTree = "<group>"; };
		36A08A84275B972000F04541 /* Puzzle02_2.cpp */ = {isa = PBXFileReference; fileEncoding = 4; lastKnownFileType = sourcecode.cpp.cpp; path = Puzzle02_2.cpp; sourceTree = "<group>"; };
		36A08A85275B972000F04541 /* Puzzle02_1.cpp */ = {isa = PBXFileReference; fileEncoding = 4; lastKnownFileType = sourcecode.cpp.cpp; path = Puzzle02_1.cpp; sourceTree = "<group>"; };
		36A08A86275B972000F04541 /* input.txt */ = {isa = PBXFileReference; fileEncoding = 4; lastKnownFileType = text; path = input.txt; sourceTree = "<group>"; };
		36A08A91275BA83B00F04541 /* input_0.txt */ = {isa = PBXFileReference; fileEncoding = 4; lastKnownFileType = text; path = input_0.txt; sourceTree = "<group>"; };
		36A08A92275BA83B00F04541 /* Puzzle03_1.cpp */ = {isa = PBXFileReference; fileEncoding = 4; lastKnownFileType = sourcecode.cpp.cpp; path = Puzzle03_1.cpp; sourceTree = "<group>"; };
		36A08A93275BA83B00F04541 /* Puzzle03_2.cpp */ = {isa = PBXFileReference; fileEncoding = 4; lastKnownFileType = sourcecode.cpp.cpp; path = Puzzle03_2.cpp; sourceTree = "<group>"; };
		36A08A94275BA83B00F04541 /* input.txt */ = {isa = PBXFileReference; fileEncoding = 4; lastKnownFileType = text; path = input.txt; sourceTree = "<group>"; };
		36A08A98275BCFA300F04541 /* Puzzle04_1.cpp */ = {isa = PBXFileReference; fileEncoding = 4; lastKnownFileType = sourcecode.cpp.cpp; path = Puzzle04_1.cpp; sourceTree = "<group>"; };
		36A08A99275BCFA300F04541 /* Puzzle04_2.cpp */ = {isa = PBXFileReference; fileEncoding = 4; lastKnownFileType = sourcecode.cpp.cpp; path = Puzzle04_2.cpp; sourceTree = "<group>"; };
		36A08A9A275BCFA300F04541 /* input_0.txt */ = {isa = PBXFileReference; fileEncoding = 4; lastKnownFileType = text; path = input_0.txt; sourceTree = "<group>"; };
		36A08A9B275BCFA300F04541 /* input.txt */ = {isa = PBXFileReference; fileEncoding = 4; lastKnownFileType = text; path = input.txt; sourceTree = "<group>"; };
		36A08A9F275CC22000F04541 /* input_0.txt */ = {isa = PBXFileReference; fileEncoding = 4; lastKnownFileType = text; path = input_0.txt; sourceTree = "<group>"; };
		36A08AA0275CC22000F04541 /* Puzzle05_1.cpp */ = {isa = PBXFileReference; fileEncoding = 4; lastKnownFileType = sourcecode.cpp.cpp; path = Puzzle05_1.cpp; sourceTree = "<group>"; };
		36A08AA1275CC22000F04541 /* Puzzle05_2.cpp */ = {isa = PBXFileReference; fileEncoding = 4; lastKnownFileType = sourcecode.cpp.cpp; path = Puzzle05_2.cpp; sourceTree = "<group>"; };
		36A08AA2275CC22000F04541 /* input.txt */ = {isa = PBXFileReference; fileEncoding = 4; lastKnownFileType = text; path = input.txt; sourceTree = "<group>"; };
		36A08AAF275EC05E00F04541 /* Puzzle06.cpp */ = {isa = PBXFileReference; fileEncoding = 4; lastKnownFileType = sourcecode.cpp.cpp; path = Puzzle06.cpp; sourceTree = "<group>"; };
		36A08AB1275EC05E00F04541 /* input_06.txt */ = {isa = PBXFileReference; fileEncoding = 4; lastKnownFileType = text; path = input_06.txt; sourceTree = "<group>"; };
		36A08AB2275EC05E00F04541 /* input.txt */ = {isa = PBXFileReference; fileEncoding = 4; lastKnownFileType = text; path = input.txt; sourceTree = "<group>"; };
/* End PBXFileReference section */

/* Begin PBXFrameworksBuildPhase section */
		369F6AB02586FA6800699575 /* Frameworks */ = {
			isa = PBXFrameworksBuildPhase;
			buildActionMask = 2147483647;
			files = (
			);
			runOnlyForDeploymentPostprocessing = 0;
		};
/* End PBXFrameworksBuildPhase section */

/* Begin PBXGroup section */
		3607CE0425912246006661EF /* Puzzle01 */ = {
			isa = PBXGroup;
			children = (
				3607CE0625912246006661EF /* input.txt */,
				3607CE0525912246006661EF /* input_0.txt */,
				3607CE0725912246006661EF /* Puzzle01_1.cpp */,
				36A08A80275B767100F04541 /* Puzzle01_2.cpp */,
			);
			path = Puzzle01;
			sourceTree = "<group>";
		};
		369F6AAA2586FA6800699575 = {
			isa = PBXGroup;
			children = (
				369F6AB52586FA6800699575 /* Advent2021 */,
				369F6AB42586FA6800699575 /* Products */,
			);
			sourceTree = "<group>";
		};
		369F6AB42586FA6800699575 /* Products */ = {
			isa = PBXGroup;
			children = (
				369F6AB32586FA6800699575 /* Advent2021 */,
			);
			name = Products;
			sourceTree = "<group>";
		};
		369F6AB52586FA6800699575 /* Advent2021 */ = {
			isa = PBXGroup;
			children = (
				36A08AB0275EC05E00F04541 /* input */,
				36A08AAE275EC05E00F04541 /* cpp */,
				3607CE0425912246006661EF /* Puzzle01 */,
				36A08A82275B972000F04541 /* Puzzle02 */,
				36A08A90275BA83B00F04541 /* Puzzle03 */,
				36A08A97275BCFA300F04541 /* Puzzle04 */,
				36A08A9E275CC22000F04541 /* Puzzle05 */,
				369F6AB62586FA6800699575 /* main.cpp */,
				369F6ABF2586FB1D00699575 /* Puzzles.hpp */,
			);
			path = Advent2021;
			sourceTree = "<group>";
		};
		36A08A82275B972000F04541 /* Puzzle02 */ = {
			isa = PBXGroup;
			children = (
				36A08A83275B972000F04541 /* input_0.txt */,
				36A08A84275B972000F04541 /* Puzzle02_2.cpp */,
				36A08A85275B972000F04541 /* Puzzle02_1.cpp */,
				36A08A86275B972000F04541 /* input.txt */,
			);
			name = Puzzle02;
			path = Advent2021/Puzzle02;
			sourceTree = SOURCE_ROOT;
		};
		36A08A90275BA83B00F04541 /* Puzzle03 */ = {
			isa = PBXGroup;
			children = (
				36A08A91275BA83B00F04541 /* input_0.txt */,
				36A08A92275BA83B00F04541 /* Puzzle03_1.cpp */,
				36A08A93275BA83B00F04541 /* Puzzle03_2.cpp */,
				36A08A94275BA83B00F04541 /* input.txt */,
			);
			name = Puzzle03;
			path = Advent2021/Puzzle03;
			sourceTree = SOURCE_ROOT;
		};
		36A08A97275BCFA300F04541 /* Puzzle04 */ = {
			isa = PBXGroup;
			children = (
				36A08A98275BCFA300F04541 /* Puzzle04_1.cpp */,
				36A08A99275BCFA300F04541 /* Puzzle04_2.cpp */,
				36A08A9A275BCFA300F04541 /* input_0.txt */,
				36A08A9B275BCFA300F04541 /* input.txt */,
			);
			path = Puzzle04;
			sourceTree = "<group>";
		};
		36A08A9E275CC22000F04541 /* Puzzle05 */ = {
			isa = PBXGroup;
			children = (
				36A08A9F275CC22000F04541 /* input_0.txt */,
				36A08AA0275CC22000F04541 /* Puzzle05_1.cpp */,
				36A08AA1275CC22000F04541 /* Puzzle05_2.cpp */,
				36A08AA2275CC22000F04541 /* input.txt */,
			);
			path = Puzzle05;
			sourceTree = "<group>";
		};
		36A08AAE275EC05E00F04541 /* cpp */ = {
			isa = PBXGroup;
			children = (
				36A08AAF275EC05E00F04541 /* Puzzle06.cpp */,
			);
			path = cpp;
			sourceTree = "<group>";
		};
		36A08AB0275EC05E00F04541 /* input */ = {
			isa = PBXGroup;
			children = (
				36A08AB1275EC05E00F04541 /* input_06.txt */,
				36A08AB2275EC05E00F04541 /* input.txt */,
			);
			path = input;
			sourceTree = "<group>";
		};
/* End PBXGroup section */

/* Begin PBXNativeTarget section */
		369F6AB22586FA6800699575 /* Advent2021 */ = {
			isa = PBXNativeTarget;
			buildConfigurationList = 369F6ABA2586FA6800699575 /* Build configuration list for PBXNativeTarget "Advent2021" */;
			buildPhases = (
				369F6AAF2586FA6800699575 /* Sources */,
				369F6AB02586FA6800699575 /* Frameworks */,
				369F6AB12586FA6800699575 /* CopyFiles */,
			);
			buildRules = (
			);
			dependencies = (
			);
			name = Advent2021;
			productName = Advent2020;
			productReference = 369F6AB32586FA6800699575 /* Advent2021 */;
			productType = "com.apple.product-type.tool";
		};
/* End PBXNativeTarget section */

/* Begin PBXProject section */
		369F6AAB2586FA6800699575 /* Project object */ = {
			isa = PBXProject;
			attributes = {
				LastUpgradeCheck = 1310;
				TargetAttributes = {
					369F6AB22586FA6800699575 = {
						CreatedOnToolsVersion = 12.2;
					};
				};
			};
			buildConfigurationList = 369F6AAE2586FA6800699575 /* Build configuration list for PBXProject "Advent2021" */;
			compatibilityVersion = "Xcode 9.3";
			developmentRegion = en;
			hasScannedForEncodings = 0;
			knownRegions = (
				en,
				Base,
			);
			mainGroup = 369F6AAA2586FA6800699575;
			productRefGroup = 369F6AB42586FA6800699575 /* Products */;
			projectDirPath = "";
			projectRoot = "";
			targets = (
				369F6AB22586FA6800699575 /* Advent2021 */,
			);
		};
/* End PBXProject section */

/* Begin PBXSourcesBuildPhase section */
		369F6AAF2586FA6800699575 /* Sources */ = {
			isa = PBXSourcesBuildPhase;
			buildActionMask = 2147483647;
			files = (
				36A08A81275B767100F04541 /* Puzzle01_2.cpp in Sources */,
				36A08A96275BA83B00F04541 /* Puzzle03_2.cpp in Sources */,
				36A08AA3275CC22000F04541 /* Puzzle05_1.cpp in Sources */,
				36A08AB3275EC05E00F04541 /* Puzzle06.cpp in Sources */,
				36A08A9D275BCFA300F04541 /* Puzzle04_2.cpp in Sources */,
				36A08A9C275BCFA300F04541 /* Puzzle04_1.cpp in Sources */,
				36A08AA4275CC22000F04541 /* Puzzle05_2.cpp in Sources */,
				3607CE0925912246006661EF /* Puzzle01_1.cpp in Sources */,
				369F6AB72586FA6800699575 /* main.cpp in Sources */,
				36A08A95275BA83B00F04541 /* Puzzle03_1.cpp in Sources */,
				36A08A88275B972100F04541 /* Puzzle02_1.cpp in Sources */,
				36A08A87275B972100F04541 /* Puzzle02_2.cpp in Sources */,
			);
			runOnlyForDeploymentPostprocessing = 0;
		};
/* End PBXSourcesBuildPhase section */

/* Begin XCBuildConfiguration section */
		369F6AB82586FA6800699575 /* Debug */ = {
			isa = XCBuildConfiguration;
			buildSettings = {
				ALWAYS_SEARCH_USER_PATHS = NO;
				CLANG_ANALYZER_NONNULL = YES;
				CLANG_ANALYZER_NUMBER_OBJECT_CONVERSION = YES_AGGRESSIVE;
				CLANG_CXX_LANGUAGE_STANDARD = "gnu++14";
				CLANG_CXX_LIBRARY = "libc++";
				CLANG_ENABLE_MODULES = YES;
				CLANG_ENABLE_OBJC_ARC = YES;
				CLANG_ENABLE_OBJC_WEAK = YES;
				CLANG_WARN_BLOCK_CAPTURE_AUTORELEASING = YES;
				CLANG_WARN_BOOL_CONVERSION = YES;
				CLANG_WARN_COMMA = YES;
				CLANG_WARN_CONSTANT_CONVERSION = YES;
				CLANG_WARN_DEPRECATED_OBJC_IMPLEMENTATIONS = YES;
				CLANG_WARN_DIRECT_OBJC_ISA_USAGE = YES_ERROR;
				CLANG_WARN_DOCUMENTATION_COMMENTS = YES;
				CLANG_WARN_EMPTY_BODY = YES;
				CLANG_WARN_ENUM_CONVERSION = YES;
				CLANG_WARN_INFINITE_RECURSION = YES;
				CLANG_WARN_INT_CONVERSION = YES;
				CLANG_WARN_NON_LITERAL_NULL_CONVERSION = YES;
				CLANG_WARN_OBJC_IMPLICIT_RETAIN_SELF = YES;
				CLANG_WARN_OBJC_LITERAL_CONVERSION = YES;
				CLANG_WARN_OBJC_ROOT_CLASS = YES_ERROR;
				CLANG_WARN_QUOTED_INCLUDE_IN_FRAMEWORK_HEADER = YES;
				CLANG_WARN_RANGE_LOOP_ANALYSIS = YES;
				CLANG_WARN_STRICT_PROTOTYPES = YES;
				CLANG_WARN_SUSPICIOUS_MOVE = YES;
				CLANG_WARN_UNGUARDED_AVAILABILITY = YES_AGGRESSIVE;
				CLANG_WARN_UNREACHABLE_CODE = YES;
				CLANG_WARN__DUPLICATE_METHOD_MATCH = YES;
				COPY_PHASE_STRIP = NO;
				DEBUG_INFORMATION_FORMAT = dwarf;
				ENABLE_STRICT_OBJC_MSGSEND = YES;
				ENABLE_TESTABILITY = YES;
				GCC_C_LANGUAGE_STANDARD = gnu11;
				GCC_DYNAMIC_NO_PIC = NO;
				GCC_NO_COMMON_BLOCKS = YES;
				GCC_OPTIMIZATION_LEVEL = 0;
				GCC_PREPROCESSOR_DEFINITIONS = (
					"DEBUG=1",
					"$(inherited)",
				);
				GCC_WARN_64_TO_32_BIT_CONVERSION = YES;
				GCC_WARN_ABOUT_RETURN_TYPE = YES_ERROR;
				GCC_WARN_UNDECLARED_SELECTOR = YES;
				GCC_WARN_UNINITIALIZED_AUTOS = YES_AGGRESSIVE;
				GCC_WARN_UNUSED_FUNCTION = YES;
				GCC_WARN_UNUSED_VARIABLE = YES;
				MACOSX_DEPLOYMENT_TARGET = 11.0;
				MTL_ENABLE_DEBUG_INFO = INCLUDE_SOURCE;
				MTL_FAST_MATH = YES;
				ONLY_ACTIVE_ARCH = YES;
				SDKROOT = macosx;
			};
			name = Debug;
		};
		369F6AB92586FA6800699575 /* Release */ = {
			isa = XCBuildConfiguration;
			buildSettings = {
				ALWAYS_SEARCH_USER_PATHS = NO;
				CLANG_ANALYZER_NONNULL = YES;
				CLANG_ANALYZER_NUMBER_OBJECT_CONVERSION = YES_AGGRESSIVE;
				CLANG_CXX_LANGUAGE_STANDARD = "gnu++14";
				CLANG_CXX_LIBRARY = "libc++";
				CLANG_ENABLE_MODULES = YES;
				CLANG_ENABLE_OBJC_ARC = YES;
				CLANG_ENABLE_OBJC_WEAK = YES;
				CLANG_WARN_BLOCK_CAPTURE_AUTORELEASING = YES;
				CLANG_WARN_BOOL_CONVERSION = YES;
				CLANG_WARN_COMMA = YES;
				CLANG_WARN_CONSTANT_CONVERSION = YES;
				CLANG_WARN_DEPRECATED_OBJC_IMPLEMENTATIONS = YES;
				CLANG_WARN_DIRECT_OBJC_ISA_USAGE = YES_ERROR;
				CLANG_WARN_DOCUMENTATION_COMMENTS = YES;
				CLANG_WARN_EMPTY_BODY = YES;
				CLANG_WARN_ENUM_CONVERSION = YES;
				CLANG_WARN_INFINITE_RECURSION = YES;
				CLANG_WARN_INT_CONVERSION = YES;
				CLANG_WARN_NON_LITERAL_NULL_CONVERSION = YES;
				CLANG_WARN_OBJC_IMPLICIT_RETAIN_SELF = YES;
				CLANG_WARN_OBJC_LITERAL_CONVERSION = YES;
				CLANG_WARN_OBJC_ROOT_CLASS = YES_ERROR;
				CLANG_WARN_QUOTED_INCLUDE_IN_FRAMEWORK_HEADER = YES;
				CLANG_WARN_RANGE_LOOP_ANALYSIS = YES;
				CLANG_WARN_STRICT_PROTOTYPES = YES;
				CLANG_WARN_SUSPICIOUS_MOVE = YES;
				CLANG_WARN_UNGUARDED_AVAILABILITY = YES_AGGRESSIVE;
				CLANG_WARN_UNREACHABLE_CODE = YES;
				CLANG_WARN__DUPLICATE_METHOD_MATCH = YES;
				COPY_PHASE_STRIP = NO;
				DEBUG_INFORMATION_FORMAT = "dwarf-with-dsym";
				ENABLE_NS_ASSERTIONS = NO;
				ENABLE_STRICT_OBJC_MSGSEND = YES;
				GCC_C_LANGUAGE_STANDARD = gnu11;
				GCC_NO_COMMON_BLOCKS = YES;
				GCC_WARN_64_TO_32_BIT_CONVERSION = YES;
				GCC_WARN_ABOUT_RETURN_TYPE = YES_ERROR;
				GCC_WARN_UNDECLARED_SELECTOR = YES;
				GCC_WARN_UNINITIALIZED_AUTOS = YES_AGGRESSIVE;
				GCC_WARN_UNUSED_FUNCTION = YES;
				GCC_WARN_UNUSED_VARIABLE = YES;
				MACOSX_DEPLOYMENT_TARGET = 11.0;
				MTL_ENABLE_DEBUG_INFO = NO;
				MTL_FAST_MATH = YES;
				SDKROOT = macosx;
			};
			name = Release;
		};
		369F6ABB2586FA6800699575 /* Debug */ = {
			isa = XCBuildConfiguration;
			buildSettings = {
				CODE_SIGN_IDENTITY = "-";
				CODE_SIGN_STYLE = Automatic;
				DEVELOPMENT_TEAM = ZSZCL2DZ4P;
				ENABLE_HARDENED_RUNTIME = YES;
				GCC_PREPROCESSOR_DEFINITIONS = (
					"DEBUG=1",
					"$(inherited)",
					"GLIBCXXDEBUGPEDANTIC=1\nGLIBCXXDEBUGPEDANTIC=1\n",
					"GLIBCXX_DEBUG=1",
					"\nGLIBCXXDEBUGPEDANTIC=1",
				);
				PRODUCT_NAME = "$(TARGET_NAME)";
			};
			name = Debug;
		};
		369F6ABC2586FA6800699575 /* Release */ = {
			isa = XCBuildConfiguration;
			buildSettings = {
				CODE_SIGN_IDENTITY = "-";
				CODE_SIGN_STYLE = Automatic;
				DEVELOPMENT_TEAM = ZSZCL2DZ4P;
				ENABLE_HARDENED_RUNTIME = YES;
				PRODUCT_NAME = "$(TARGET_NAME)";
			};
			name = Release;
		};
/* End XCBuildConfiguration section */

/* Begin XCConfigurationList section */
		369F6AAE2586FA6800699575 /* Build configuration list for PBXProject "Advent2021" */ = {
			isa = XCConfigurationList;
			buildConfigurations = (
				369F6AB82586FA6800699575 /* Debug */,
				369F6AB92586FA6800699575 /* Release */,
			);
			defaultConfigurationIsVisible = 0;
			defaultConfigurationName = Release;
		};
		369F6ABA2586FA6800699575 /* Build configuration list for PBXNativeTarget "Advent2021" */ = {
			isa = XCConfigurationList;
			buildConfigurations = (
				369F6ABB2586FA6800699575 /* Debug */,
				369F6ABC2586FA6800699575 /* Release */,
			);
			defaultConfigurationIsVisible = 0;
			defaultConfigurationName = Release;
		};
/* End XCConfigurationList section */
	};
	rootObject = 369F6AAB2586FA6800699575 /* Project object */;
}
